
Microsoft Visual Studio Solution File, Format Version 12.00
# Visual Studio Version 16
VisualStudioVersion = 16.0.32630.194
MinimumVisualStudioVersion = 10.0.40219.1
Project("{FAE04EC0-301F-11D3-BF4B-00C04F79EFBC}") = "ConsoleApp_Assignment3", "ConsoleApp_Assignment3\ConsoleApp_Assignment3.csproj", "{55B0FA4C-75F5-40BA-8F15-E2706C976A64}"
EndProject
Global
	GlobalSection(SolutionConfigurationPlatforms) = preSolution
		Debug|Any CPU = Debug|Any CPU
		Release|Any CPU = Release|Any CPU
	EndGlobalSection
	GlobalSection(ProjectConfigurationPlatforms) = postSolution
		{55B0FA4C-75F5-40BA-8F15-E2706C976A64}.Debug|Any CPU.ActiveCfg = Debug|Any CPU
		{55B0FA4C-75F5-40BA-8F15-E2706C976A64}.Debug|Any CPU.Build.0 = Debug|Any CPU
		{55B0FA4C-75F5-40BA-8F15-E2706C976A64}.Release|Any CPU.ActiveCfg = Release|Any CPU
		{55B0FA4C-75F5-40BA-8F15-E2706C976A64}.Release|Any CPU.Build.0 = Release|Any CPU
	EndGlobalSection
	GlobalSection(SolutionProperties) = preSolution
		HideSolutionNode = FALSE
	EndGlobalSection
	GlobalSection(ExtensibilityGlobals) = postSolution
		SolutionGuid = {B3856FE8-8827-456C-90D0-04B9BD5BF8AB}
	EndGlobalSection
EndGlobal
